
Microsoft Visual Studio Solution File, Format Version 12.00
Project("{FAE04EC0-301F-11D3-BF4B-00C04F79EFBC}") = "Markdig.Avalonia", "Markdig.Avalonia\Markdig.Avalonia.csproj", "{053FA1AA-2D84-4873-A505-A95858E0AA44}"
EndProject
Project("{FAE04EC0-301F-11D3-BF4B-00C04F79EFBC}") = "Markdig.Avalonia.Demo", "Markdig.Avalonia.Demo\Markdig.Avalonia.Demo.csproj", "{1AA0728A-6804-4960-8F20-C75777DD746B}"
EndProject
Global
	GlobalSection(SolutionConfigurationPlatforms) = preSolution
		Debug|Any CPU = Debug|Any CPU
		Release|Any CPU = Release|Any CPU
	EndGlobalSection
	GlobalSection(ProjectConfigurationPlatforms) = postSolution
		{053FA1AA-2D84-4873-A505-A95858E0AA44}.Debug|Any CPU.ActiveCfg = Debug|Any CPU
		{053FA1AA-2D84-4873-A505-A95858E0AA44}.Debug|Any CPU.Build.0 = Debug|Any CPU
		{053FA1AA-2D84-4873-A505-A95858E0AA44}.Release|Any CPU.ActiveCfg = Release|Any CPU
		{053FA1AA-2D84-4873-A505-A95858E0AA44}.Release|Any CPU.Build.0 = Release|Any CPU
		{1AA0728A-6804-4960-8F20-C75777DD746B}.Debug|Any CPU.ActiveCfg = Debug|Any CPU
		{1AA0728A-6804-4960-8F20-C75777DD746B}.Debug|Any CPU.Build.0 = Debug|Any CPU
		{1AA0728A-6804-4960-8F20-C75777DD746B}.Release|Any CPU.ActiveCfg = Release|Any CPU
		{1AA0728A-6804-4960-8F20-C75777DD746B}.Release|Any CPU.Build.0 = Release|Any CPU
	EndGlobalSection
EndGlobal
